
Microsoft Visual Studio Solution File, Format Version 12.00
# Visual Studio Version 17
VisualStudioVersion = 17.4.33110.190
MinimumVisualStudioVersion = 10.0.40219.1
Project("{FAE04EC0-301F-11D3-BF4B-00C04F79EFBC}") = "Conversie baze", "Conversie baze\Conversie baze.csproj", "{B7EA34EB-63BA-4EF3-97E5-C76D582496A0}"
EndProject
Global
	GlobalSection(SolutionConfigurationPlatforms) = preSolution
		Debug|Any CPU = Debug|Any CPU
		Release|Any CPU = Release|Any CPU
	EndGlobalSection
	GlobalSection(ProjectConfigurationPlatforms) = postSolution
		{B7EA34EB-63BA-4EF3-97E5-C76D582496A0}.Debug|Any CPU.ActiveCfg = Debug|Any CPU
		{B7EA34EB-63BA-4EF3-97E5-C76D582496A0}.Debug|Any CPU.Build.0 = Debug|Any CPU
		{B7EA34EB-63BA-4EF3-97E5-C76D582496A0}.Release|Any CPU.ActiveCfg = Release|Any CPU
		{B7EA34EB-63BA-4EF3-97E5-C76D582496A0}.Release|Any CPU.Build.0 = Release|Any CPU
	EndGlobalSection
	GlobalSection(SolutionProperties) = preSolution
		HideSolutionNode = FALSE
	EndGlobalSection
	GlobalSection(ExtensibilityGlobals) = postSolution
		SolutionGuid = {09BD1794-3785-45BC-9E7F-6D7A8135531B}
	EndGlobalSection
EndGlobal
